// !$*UTF8*$!
{
	archiveVersion = 1;
	classes = {
	};
	objectVersion = 50;
	objects = {

/* Begin PBXBuildFile section */
		72834971243B399700EF50ED /* AppDelegate.swift in Sources */ = {isa = PBXBuildFile; fileRef = 72834970243B399700EF50ED /* AppDelegate.swift */; };
		72834973243B399700EF50ED /* SceneDelegate.swift in Sources */ = {isa = PBXBuildFile; fileRef = 72834972243B399700EF50ED /* SceneDelegate.swift */; };
		72834978243B399700EF50ED /* Main.storyboard in Resources */ = {isa = PBXBuildFile; fileRef = 72834976243B399700EF50ED /* Main.storyboard */; };
		7283497A243B399F00EF50ED /* Assets.xcassets in Resources */ = {isa = PBXBuildFile; fileRef = 72834979243B399F00EF50ED /* Assets.xcassets */; };
		7283497D243B399F00EF50ED /* LaunchScreen.storyboard in Resources */ = {isa = PBXBuildFile; fileRef = 7283497B243B399F00EF50ED /* LaunchScreen.storyboard */; };
		72834985243B3A2D00EF50ED /* menuTable.swift in Sources */ = {isa = PBXBuildFile; fileRef = 72834984243B3A2D00EF50ED /* menuTable.swift */; };
		72834987243B75A100EF50ED /* CustomCell.swift in Sources */ = {isa = PBXBuildFile; fileRef = 72834986243B75A100EF50ED /* CustomCell.swift */; };
/* End PBXBuildFile section */

/* Begin PBXFileReference section */
		7283496D243B399700EF50ED /* myFilms.app */ = {isa = PBXFileReference; explicitFileType = wrapper.application; includeInIndex = 0; path = myFilms.app; sourceTree = BUILT_PRODUCTS_DIR; };
		72834970243B399700EF50ED /* AppDelegate.swift */ = {isa = PBXFileReference; lastKnownFileType = sourcecode.swift; path = AppDelegate.swift; sourceTree = "<group>"; };
		72834972243B399700EF50ED /* SceneDelegate.swift */ = {isa = PBXFileReference; lastKnownFileType = sourcecode.swift; path = SceneDelegate.swift; sourceTree = "<group>"; };
		72834977243B399700EF50ED /* Base */ = {isa = PBXFileReference; lastKnownFileType = file.storyboard; name = Base; path = Base.lproj/Main.storyboard; sourceTree = "<group>"; };
		72834979243B399F00EF50ED /* Assets.xcassets */ = {isa = PBXFileReference; lastKnownFileType = folder.assetcatalog; path = Assets.xcassets; sourceTree = "<group>"; };
		7283497C243B399F00EF50ED /* Base */ = {isa = PBXFileReference; lastKnownFileType = file.storyboard; name = Base; path = Base.lproj/LaunchScreen.storyboard; sourceTree = "<group>"; };
		7283497E243B399F00EF50ED /* Info.plist */ = {isa = PBXFileReference; lastKnownFileType = text.plist.xml; path = Info.plist; sourceTree = "<group>"; };
		72834984243B3A2D00EF50ED /* menuTable.swift */ = {isa = PBXFileReference; lastKnownFileType = sourcecode.swift; path = menuTable.swift; sourceTree = "<group>"; };
		72834986243B75A100EF50ED /* CustomCell.swift */ = {isa = PBXFileReference; lastKnownFileType = sourcecode.swift; path = CustomCell.swift; sourceTree = "<group>"; };
/* End PBXFileReference section */

/* Begin PBXFrameworksBuildPhase section */
		7283496A243B399700EF50ED /* Frameworks */ = {
			isa = PBXFrameworksBuildPhase;
			buildActionMask = 2147483647;
			files = (
			);
			runOnlyForDeploymentPostprocessing = 0;
		};
/* End PBXFrameworksBuildPhase section */

/* Begin PBXGroup section */
		72834964243B399700EF50ED = {
			isa = PBXGroup;
			children = (
				7283496F243B399700EF50ED /* myFilms */,
				7283496E243B399700EF50ED /* Products */,
			);
			sourceTree = "<group>";
		};
		7283496E243B399700EF50ED /* Products */ = {
			isa = PBXGroup;
			children = (
				7283496D243B399700EF50ED /* myFilms.app */,
			);
			name = Products;
			sourceTree = "<group>";
		};
		7283496F243B399700EF50ED /* myFilms */ = {
			isa = PBXGroup;
			children = (
				72834970243B399700EF50ED /* AppDelegate.swift */,
				72834972243B399700EF50ED /* SceneDelegate.swift */,
				72834984243B3A2D00EF50ED /* menuTable.swift */,
				72834986243B75A100EF50ED /* CustomCell.swift */,
				72834976243B399700EF50ED /* Main.storyboard */,
				72834979243B399F00EF50ED /* Assets.xcassets */,
				7283497B243B399F00EF50ED /* LaunchScreen.storyboard */,
				7283497E243B399F00EF50ED /* Info.plist */,
			);
			path = myFilms;
			sourceTree = "<group>";
		};
/* End PBXGroup section */

/* Begin PBXNativeTarget section */
		7283496C243B399700EF50ED /* myFilms */ = {
			isa = PBXNativeTarget;
			buildConfigurationList = 72834981243B399F00EF50ED /* Build configuration list for PBXNativeTarget "myFilms" */;
			buildPhases = (
				72834969243B399700EF50ED /* Sources */,
				7283496A243B399700EF50ED /* Frameworks */,
				7283496B243B399700EF50ED /* Resources */,
			);
			buildRules = (
			);
			dependencies = (
			);
			name = myFilms;
			productName = myFilms;
			productReference = 7283496D243B399700EF50ED /* myFilms.app */;
			productType = "com.apple.product-type.application";
		};
/* End PBXNativeTarget section */

/* Begin PBXProject section */
		72834965243B399700EF50ED /* Project object */ = {
			isa = PBXProject;
			attributes = {
				LastSwiftUpdateCheck = 1130;
				LastUpgradeCheck = 1130;
				ORGANIZATIONNAME = "Максим Лисицкий";
				TargetAttributes = {
					7283496C243B399700EF50ED = {
						CreatedOnToolsVersion = 11.3.1;
					};
				};
			};
			buildConfigurationList = 72834968243B399700EF50ED /* Build configuration list for PBXProject "myFilms" */;
			compatibilityVersion = "Xcode 9.3";
			developmentRegion = en;
			hasScannedForEncodings = 0;
			knownRegions = (
				en,
				Base,
			);
			mainGroup = 72834964243B399700EF50ED;
			productRefGroup = 7283496E243B399700EF50ED /* Products */;
			projectDirPath = "";
			projectRoot = "";
			targets = (
				7283496C243B399700EF50ED /* myFilms */,
			);
		};
/* End PBXProject section */

/* Begin PBXResourcesBuildPhase section */
		7283496B243B399700EF50ED /* Resources */ = {
			isa = PBXResourcesBuildPhase;
			buildActionMask = 2147483647;
			files = (
				7283497D243B399F00EF50ED /* LaunchScreen.storyboard in Resources */,
				7283497A243B399F00EF50ED /* Assets.xcassets in Resources */,
				72834978243B399700EF50ED /* Main.storyboard in Resources */,
			);
			runOnlyForDeploymentPostprocessing = 0;
		};
/* End PBXResourcesBuildPhase section */

/* Begin PBXSourcesBuildPhase section */
		72834969243B399700EF50ED /* Sources */ = {
			isa = PBXSourcesBuildPhase;
			buildActionMask = 2147483647;
			files = (
				72834971243B399700EF50ED /* AppDelegate.swift in Sources */,
				72834973243B399700EF50ED /* SceneDelegate.swift in Sources */,
				72834987243B75A100EF50ED /* CustomCell.swift in Sources */,
				72834985243B3A2D00EF50ED /* menuTable.swift in Sources */,
			);
			runOnlyForDeploymentPostprocessing = 0;
		};
/* End PBXSourcesBuildPhase section */

/* Begin PBXVariantGroup section */
		72834976243B399700EF50ED /* Main.storyboard */ = {
			isa = PBXVariantGroup;
			children = (
				72834977243B399700EF50ED /* Base */,
			);
			name = Main.storyboard;
			sourceTree = "<group>";
		};
		7283497B243B399F00EF50ED /* LaunchScreen.storyboard */ = {
			isa = PBXVariantGroup;
			children = (
				7283497C243B399F00EF50ED /* Base */,
			);
			name = LaunchScreen.storyboard;
			sourceTree = "<group>";
		};
/* End PBXVariantGroup section */

/* Begin XCBuildConfiguration section */
		7283497F243B399F00EF50ED /* Debug */ = {
			isa = XCBuildConfiguration;
			buildSettings = {
				ALWAYS_SEARCH_USER_PATHS = NO;
				CLANG_ANALYZER_NONNULL = YES;
				CLANG_ANALYZER_NUMBER_OBJECT_CONVERSION = YES_AGGRESSIVE;
				CLANG_CXX_LANGUAGE_STANDARD = "gnu++14";
				CLANG_CXX_LIBRARY = "libc++";
				CLANG_ENABLE_MODULES = YES;
				CLANG_ENABLE_OBJC_ARC = YES;
				CLANG_ENABLE_OBJC_WEAK = YES;
				CLANG_WARN_BLOCK_CAPTURE_AUTORELEASING = YES;
				CLANG_WARN_BOOL_CONVERSION = YES;
				CLANG_WARN_COMMA = YES;
				CLANG_WARN_CONSTANT_CONVERSION = YES;
				CLANG_WARN_DEPRECATED_OBJC_IMPLEMENTATIONS = YES;
				CLANG_WARN_DIRECT_OBJC_ISA_USAGE = YES_ERROR;
				CLANG_WARN_DOCUMENTATION_COMMENTS = YES;
				CLANG_WARN_EMPTY_BODY = YES;
				CLANG_WARN_ENUM_CONVERSION = YES;
				CLANG_WARN_INFINITE_RECURSION = YES;
				CLANG_WARN_INT_CONVERSION = YES;
				CLANG_WARN_NON_LITERAL_NULL_CONVERSION = YES;
				CLANG_WARN_OBJC_IMPLICIT_RETAIN_SELF = YES;
				CLANG_WARN_OBJC_LITERAL_CONVERSION = YES;
				CLANG_WARN_OBJC_ROOT_CLASS = YES_ERROR;
				CLANG_WARN_RANGE_LOOP_ANALYSIS = YES;
				CLANG_WARN_STRICT_PROTOTYPES = YES;
				CLANG_WARN_SUSPICIOUS_MOVE = YES;
				CLANG_WARN_UNGUARDED_AVAILABILITY = YES_AGGRESSIVE;
				CLANG_WARN_UNREACHABLE_CODE = YES;
				CLANG_WARN__DUPLICATE_METHOD_MATCH = YES;
				COPY_PHASE_STRIP = NO;
				DEBUG_INFORMATION_FORMAT = dwarf;
				ENABLE_STRICT_OBJC_MSGSEND = YES;
				ENABLE_TESTABILITY = YES;
				GCC_C_LANGUAGE_STANDARD = gnu11;
				GCC_DYNAMIC_NO_PIC = NO;
				GCC_NO_COMMON_BLOCKS = YES;
				GCC_OPTIMIZATION_LEVEL = 0;
				GCC_PREPROCESSOR_DEFINITIONS = (
					"DEBUG=1",
					"$(inherited)",
				);
				GCC_WARN_64_TO_32_BIT_CONVERSION = YES;
				GCC_WARN_ABOUT_RETURN_TYPE = YES_ERROR;
				GCC_WARN_UNDECLARED_SELECTOR = YES;
				GCC_WARN_UNINITIALIZED_AUTOS = YES_AGGRESSIVE;
				GCC_WARN_UNUSED_FUNCTION = YES;
				GCC_WARN_UNUSED_VARIABLE = YES;
				IPHONEOS_DEPLOYMENT_TARGET = 13.2;
				MTL_ENABLE_DEBUG_INFO = INCLUDE_SOURCE;
				MTL_FAST_MATH = YES;
				ONLY_ACTIVE_ARCH = YES;
				SDKROOT = iphoneos;
				SWIFT_ACTIVE_COMPILATION_CONDITIONS = DEBUG;
				SWIFT_OPTIMIZATION_LEVEL = "-Onone";
			};
			name = Debug;
		};
		72834980243B399F00EF50ED /* Release */ = {
			isa = XCBuildConfiguration;
			buildSettings = {
				ALWAYS_SEARCH_USER_PATHS = NO;
				CLANG_ANALYZER_NONNULL = YES;
				CLANG_ANALYZER_NUMBER_OBJECT_CONVERSION = YES_AGGRESSIVE;
				CLANG_CXX_LANGUAGE_STANDARD = "gnu++14";
				CLANG_CXX_LIBRARY = "libc++";
				CLANG_ENABLE_MODULES = YES;
				CLANG_ENABLE_OBJC_ARC = YES;
				CLANG_ENABLE_OBJC_WEAK = YES;
				CLANG_WARN_BLOCK_CAPTURE_AUTORELEASING = YES;
				CLANG_WARN_BOOL_CONVERSION = YES;
				CLANG_WARN_COMMA = YES;
				CLANG_WARN_CONSTANT_CONVERSION = YES;
				CLANG_WARN_DEPRECATED_OBJC_IMPLEMENTATIONS = YES;
				CLANG_WARN_DIRECT_OBJC_ISA_USAGE = YES_ERROR;
				CLANG_WARN_DOCUMENTATION_COMMENTS = YES;
				CLANG_WARN_EMPTY_BODY = YES;
				CLANG_WARN_ENUM_CONVERSION = YES;
				CLANG_WARN_INFINITE_RECURSION = YES;
				CLANG_WARN_INT_CONVERSION = YES;
				CLANG_WARN_NON_LITERAL_NULL_CONVERSION = YES;
				CLANG_WARN_OBJC_IMPLICIT_RETAIN_SELF = YES;
				CLANG_WARN_OBJC_LITERAL_CONVERSION = YES;
				CLANG_WARN_OBJC_ROOT_CLASS = YES_ERROR;
				CLANG_WARN_RANGE_LOOP_ANALYSIS = YES;
				CLANG_WARN_STRICT_PROTOTYPES = YES;
				CLANG_WARN_SUSPICIOUS_MOVE = YES;
				CLANG_WARN_UNGUARDED_AVAILABILITY = YES_AGGRESSIVE;
				CLANG_WARN_UNREACHABLE_CODE = YES;
				CLANG_WARN__DUPLICATE_METHOD_MATCH = YES;
				COPY_PHASE_STRIP = NO;
				DEBUG_INFORMATION_FORMAT = "dwarf-with-dsym";
				ENABLE_NS_ASSERTIONS = NO;
				ENABLE_STRICT_OBJC_MSGSEND = YES;
				GCC_C_LANGUAGE_STANDARD = gnu11;
				GCC_NO_COMMON_BLOCKS = YES;
				GCC_WARN_64_TO_32_BIT_CONVERSION = YES;
				GCC_WARN_ABOUT_RETURN_TYPE = YES_ERROR;
				GCC_WARN_UNDECLARED_SELECTOR = YES;
				GCC_WARN_UNINITIALIZED_AUTOS = YES_AGGRESSIVE;
				GCC_WARN_UNUSED_FUNCTION = YES;
				GCC_WARN_UNUSED_VARIABLE = YES;
				IPHONEOS_DEPLOYMENT_TARGET = 13.2;
				MTL_ENABLE_DEBUG_INFO = NO;
				MTL_FAST_MATH = YES;
				SDKROOT = iphoneos;
				SWIFT_COMPILATION_MODE = wholemodule;
				SWIFT_OPTIMIZATION_LEVEL = "-O";
				VALIDATE_PRODUCT = YES;
			};
			name = Release;
		};
		72834982243B399F00EF50ED /* Debug */ = {
			isa = XCBuildConfiguration;
			buildSettings = {
				ASSETCATALOG_COMPILER_APPICON_NAME = AppIcon;
				CODE_SIGN_STYLE = Automatic;
				DEVELOPMENT_TEAM = 7SPANA493T;
				INFOPLIST_FILE = myFilms/Info.plist;
				LD_RUNPATH_SEARCH_PATHS = (
					"$(inherited)",
					"@executable_path/Frameworks",
				);
				PRODUCT_BUNDLE_IDENTIFIER = com.palehin.myFilms;
				PRODUCT_NAME = "$(TARGET_NAME)";
				SWIFT_VERSION = 5.0;
				TARGETED_DEVICE_FAMILY = "1,2";
			};
			name = Debug;
		};
		72834983243B399F00EF50ED /* Release */ = {
			isa = XCBuildConfiguration;
			buildSettings = {
				ASSETCATALOG_COMPILER_APPICON_NAME = AppIcon;
				CODE_SIGN_STYLE = Automatic;
				DEVELOPMENT_TEAM = 7SPANA493T;
				INFOPLIST_FILE = myFilms/Info.plist;
				LD_RUNPATH_SEARCH_PATHS = (
					"$(inherited)",
					"@executable_path/Frameworks",
				);
				PRODUCT_BUNDLE_IDENTIFIER = com.palehin.myFilms;
				PRODUCT_NAME = "$(TARGET_NAME)";
				SWIFT_VERSION = 5.0;
				TARGETED_DEVICE_FAMILY = "1,2";
			};
			name = Release;
		};
/* End XCBuildConfiguration section */

/* Begin XCConfigurationList section */
		72834968243B399700EF50ED /* Build configuration list for PBXProject "myFilms" */ = {
			isa = XCConfigurationList;
			buildConfigurations = (
				7283497F243B399F00EF50ED /* Debug */,
				72834980243B399F00EF50ED /* Release */,
			);
			defaultConfigurationIsVisible = 0;
			defaultConfigurationName = Release;
		};
		72834981243B399F00EF50ED /* Build configuration list for PBXNativeTarget "myFilms" */ = {
			isa = XCConfigurationList;
			buildConfigurations = (
				72834982243B399F00EF50ED /* Debug */,
				72834983243B399F00EF50ED /* Release */,
			);
			defaultConfigurationIsVisible = 0;
			defaultConfigurationName = Release;
		};
/* End XCConfigurationList section */
	};
	rootObject = 72834965243B399700EF50ED /* Project object */;
}
